
Microsoft Visual Studio Solution File, Format Version 12.00
# Visual Studio 15
VisualStudioVersion = 15.0.28010.2046
MinimumVisualStudioVersion = 10.0.40219.1
Project("{FAE04EC0-301F-11D3-BF4B-00C04F79EFBC}") = "Roostersysteem", "Roostersysteem\Roostersysteem.csproj", "{98C016EB-4D50-491A-96DB-7A610831A51A}"
EndProject
Global
	GlobalSection(SolutionConfigurationPlatforms) = preSolution
		Debug|Any CPU = Debug|Any CPU
		Release|Any CPU = Release|Any CPU
	EndGlobalSection
	GlobalSection(ProjectConfigurationPlatforms) = postSolution
		{98C016EB-4D50-491A-96DB-7A610831A51A}.Debug|Any CPU.ActiveCfg = Debug|Any CPU
		{98C016EB-4D50-491A-96DB-7A610831A51A}.Debug|Any CPU.Build.0 = Debug|Any CPU
		{98C016EB-4D50-491A-96DB-7A610831A51A}.Release|Any CPU.ActiveCfg = Release|Any CPU
		{98C016EB-4D50-491A-96DB-7A610831A51A}.Release|Any CPU.Build.0 = Release|Any CPU
	EndGlobalSection
	GlobalSection(SolutionProperties) = preSolution
		HideSolutionNode = FALSE
	EndGlobalSection
	GlobalSection(ExtensibilityGlobals) = postSolution
		SolutionGuid = {B582C3F3-888A-4865-9F3D-1882B05524FC}
	EndGlobalSection
EndGlobal
